<?xml version="1.0" encoding="utf-8"?>
<Project ToolsVersion="4.0" xmlns="http://schemas.microsoft.com/developer/msbuild/2003">
  <ItemGroup>
    <Filter Include="Source Files">
      <UniqueIdentifier>{ca2d4b5c-d2f9-4684-87de-a04efa7a1f74}</UniqueIdentifier>
      <Extensions>cpp;c;cxx;rc;def;r;odl;idl;hpj;bat</Extensions>
    </Filter>
    <Filter Include="Header Files">
      <UniqueIdentifier>{e7fdd90e-bba1-44da-9a9f-0697714bc026}</UniqueIdentifier>
      <Extensions>h;hpp;hxx;hm;inl</Extensions>
    </Filter>
    <Filter Include="Resource Files">
      <UniqueIdentifier>{27c36d8d-1ca3-49d5-948a-9617996daaf1}</UniqueIdentifier>
      <Extensions>ico;cur;bmp;dlg;rc2;rct;bin;rgs;gif;jpg;jpeg;jpe</Extensions>
    </Filter>
    <Filter Include="Generated Files">
      <UniqueIdentifier>{07e3e050-e59a-4576-8b94-e4f45354646f}</UniqueIdentifier>
      <SourceControlFiles>False</SourceControlFiles>
    </Filter>
  </ItemGroup>
  <ItemGroup>
    <Midl Include="..\..\..\Publisher2000Server\Publisher2000Server.idl">
      <Filter>Source Files</Filter>
    </Midl>
    <Midl Include="SharePointUI.idl">
      <Filter>Source Files</Filter>
    </Midl>
    <Midl Include="..\..\..\..\Include\Interfaces\PubInboundUI.idl">
      <Filter>Source Files</Filter>
    </Midl>
    <Midl Include="..\..\..\..\Include\Interfaces\adohelper.idl">
      <Filter>Source Files</Filter>
    </Midl>
  </ItemGroup>
  <ItemGroup>
    <ClCompile Include="Page1.cpp">
      <Filter>Source Files</Filter>
    </ClCompile>
    <ClCompile Include="..\..\..\PublisherCommon\PubUtility.cpp">
      <Filter>Source Files</Filter>
    </ClCompile>
    <ClCompile Include="StdAfx.cpp">
      <Filter>Source Files</Filter>
    </ClCompile>
    <ClCompile Include="SvrListener.cpp">
      <Filter>Source Files</Filter>
    </ClCompile>
    <ClCompile Include="Wizzard1.cpp">
      <Filter>Source Files</Filter>
    </ClCompile>
    <ClCompile Include="Wizzard2.cpp">
      <Filter>Source Files</Filter>
    </ClCompile>
    <ClCompile Include="SharePointInbound.cpp">
      <Filter>Source Files</Filter>
    </ClCompile>
    <ClCompile Include="SharePointUI.cpp">
      <Filter>Source Files</Filter>
    </ClCompile>
    <ClCompile Include="SharePointUI_i.c">
      <Filter>Generated Files</Filter>
    </ClCompile>
    <ClCompile Include="Page2.cpp">
      <Filter>Source Files</Filter>
    </ClCompile>
    <ClCompile Include="Page3.cpp">
      <Filter>Source Files</Filter>
    </ClCompile>
    <ClCompile Include="Page4.cpp">
      <Filter>Source Files</Filter>
    </ClCompile>
    <ClCompile Include="DiagnosticDlg.cpp">
      <Filter>Source Files</Filter>
    </ClCompile>
    <ClCompile Include="..\SharePointCollector\ErrorsAndDebug.cpp">
      <Filter>Source Files</Filter>
    </ClCompile>
    <ClCompile Include="..\..\..\..\Common Classes\Symon\memfile.cpp">
      <Filter>Source Files</Filter>
    </ClCompile>
    <ClCompile Include="..\..\..\..\Common Classes\Symon\StringHelper.cpp">
      <Filter>Source Files</Filter>
    </ClCompile>
  </ItemGroup>
  <ItemGroup>
    <None Include="Version.rc2">
      <Filter>Resource Files</Filter>
    </None>
    <None Include="SharePointUI.def">
      <Filter>Source Files</Filter>
    </None>
    <None Include="SharePoint.ico">
      <Filter>Resource Files</Filter>
    </None>
    <None Include="SharePointInbound.rgs">
      <Filter>Resource Files</Filter>
    </None>
  </ItemGroup>
  <ItemGroup>
    <ResourceCompile Include="SharePointUI.rc">
      <Filter>Source Files</Filter>
    </ResourceCompile>
  </ItemGroup>
  <ItemGroup>
    <ClInclude Include="..\..\..\PublisherCommon\BmpInfo.h">
      <Filter>Header Files</Filter>
    </ClInclude>
    <ClInclude Include="..\..\..\PublisherCommon\BuildP6.h">
      <Filter>Header Files</Filter>
    </ClInclude>
    <ClInclude Include="Page1.h">
      <Filter>Header Files</Filter>
    </ClInclude>
    <ClInclude Include="..\..\..\PublisherCommon\PubUtility.h">
      <Filter>Header Files</Filter>
    </ClInclude>
    <ClInclude Include="Resource.h">
      <Filter>Header Files</Filter>
    </ClInclude>
    <ClInclude Include="StdAfx.h">
      <Filter>Header Files</Filter>
    </ClInclude>
    <ClInclude Include="SvrListener.h">
      <Filter>Header Files</Filter>
    </ClInclude>
    <ClInclude Include="Wizzard1.h">
      <Filter>Header Files</Filter>
    </ClInclude>
    <ClInclude Include="Wizzard2.h">
      <Filter>Header Files</Filter>
    </ClInclude>
    <ClInclude Include="SharePointInbound.h">
      <Filter>Header Files</Filter>
    </ClInclude>
    <ClInclude Include="..\SharePointCommon\SharePointCommon.h">
      <Filter>Header Files</Filter>
    </ClInclude>
    <ClInclude Include="SharePointUI_i.h">
      <Filter>Generated Files</Filter>
    </ClInclude>
    <ClInclude Include="Page2.h">
      <Filter>Header Files</Filter>
    </ClInclude>
    <ClInclude Include="Page3.h">
      <Filter>Header Files</Filter>
    </ClInclude>
    <ClInclude Include="Page4.h">
      <Filter>Header Files</Filter>
    </ClInclude>
    <ClInclude Include="DiagnosticDlg.h">
      <Filter>Header Files</Filter>
    </ClInclude>
    <ClInclude Include="..\..\..\..\Common Classes\Symon\memfile.h">
      <Filter>Header Files</Filter>
    </ClInclude>
    <ClInclude Include="..\..\..\..\Include\ObjectDefs.h">
      <Filter>Header Files</Filter>
    </ClInclude>
    <ClInclude Include="..\..\..\..\Common Classes\Symon\StreamHelper.h">
      <Filter>Header Files</Filter>
    </ClInclude>
    <ClInclude Include="..\..\..\..\Include\Interfaces\adohelper.h">
      <Filter>Header Files</Filter>
    </ClInclude>
  </ItemGroup>
</Project>